// !$*UTF8*$!
{
	archiveVersion = 1;
	classes = {
	};
	objectVersion = 77;
	objects = {

/* Begin PBXBuildFile section */
		11BF90512F90A23D006C88CE /* Supabase in Frameworks */ = {isa = PBXBuildFile; productRef = 11CC00012F907400007C6CAC /* Supabase */; };
		11BF90522F90A23D006C88CE /* Kingfisher in Frameworks */ = {isa = PBXBuildFile; productRef = 11CC00022F907400007C6CAC /* Kingfisher */; };
		11BF90532F90A23D006C88CE /* RevenueCat in Frameworks */ = {isa = PBXBuildFile; productRef = 11CC00032F907400007C6CAC /* RevenueCat */; };
		11BF90542F90A23D006C88CE /* PostHog in Frameworks */ = {isa = PBXBuildFile; productRef = 11CC00042F907400007C6CAC /* PostHog */; };
		11BF90552F90A23D006C88CE /* Sentry in Frameworks */ = {isa = PBXBuildFile; productRef = 11CC00052F907400007C6CAC /* Sentry */; };
/* End PBXBuildFile section */

/* Begin PBXContainerItemProxy section */
		11EE68222F907142007C6CAC /* PBXContainerItemProxy */ = {
			isa = PBXContainerItemProxy;
			containerPortal = 11EE680C2F907141007C6CAC /* Project object */;
			proxyType = 1;
			remoteGlobalIDString = 11EE68132F907141007C6CAC;
			remoteInfo = HerbLens;
		};
		11EE682C2F907142007C6CAC /* PBXContainerItemProxy */ = {
			isa = PBXContainerItemProxy;
			containerPortal = 11EE680C2F907141007C6CAC /* Project object */;
			proxyType = 1;
			remoteGlobalIDString = 11EE68132F907141007C6CAC;
			remoteInfo = HerbLens;
		};
/* End PBXContainerItemProxy section */

/* Begin PBXFileReference section */
		11AA00012F907200007C6CAC /* Debug.xcconfig */ = {isa = PBXFileReference; lastKnownFileType = text.xcconfig; name = Debug.xcconfig; path = Config/Debug.xcconfig; sourceTree = "<group>"; };
		11AA00022F907200007C6CAC /* Release.xcconfig */ = {isa = PBXFileReference; lastKnownFileType = text.xcconfig; name = Release.xcconfig; path = Config/Release.xcconfig; sourceTree = "<group>"; };
		11EE68142F907141007C6CAC /* HerbLens.app */ = {isa = PBXFileReference; explicitFileType = wrapper.application; includeInIndex = 0; path = HerbLens.app; sourceTree = BUILT_PRODUCTS_DIR; };
		11EE68212F907142007C6CAC /* HerbLensTests.xctest */ = {isa = PBXFileReference; explicitFileType = wrapper.cfbundle; includeInIndex = 0; path = HerbLensTests.xctest; sourceTree = BUILT_PRODUCTS_DIR; };
		11EE682B2F907142007C6CAC /* HerbLensUITests.xctest */ = {isa = PBXFileReference; explicitFileType = wrapper.cfbundle; includeInIndex = 0; path = HerbLensUITests.xctest; sourceTree = BUILT_PRODUCTS_DIR; };
/* End PBXFileReference section */

/* Begin PBXFileSystemSynchronizedRootGroup section */
		11EE68162F907141007C6CAC /* HerbLens */ = {
			isa = PBXFileSystemSynchronizedRootGroup;
			path = HerbLens;
			sourceTree = "<group>";
		};
		11EE68242F907142007C6CAC /* HerbLensTests */ = {
			isa = PBXFileSystemSynchronizedRootGroup;
			path = HerbLensTests;
			sourceTree = "<group>";
		};
		11EE682E2F907142007C6CAC /* HerbLensUITests */ = {
			isa = PBXFileSystemSynchronizedRootGroup;
			path = HerbLensUITests;
			sourceTree = "<group>";
		};
/* End PBXFileSystemSynchronizedRootGroup section */

/* Begin PBXFrameworksBuildPhase section */
		11EE68112F907141007C6CAC /* Frameworks */ = {
			isa = PBXFrameworksBuildPhase;
			buildActionMask = 2147483647;
			files = (
				11BF90552F90A23D006C88CE /* Sentry in Frameworks */,
				11BF90542F90A23D006C88CE /* PostHog in Frameworks */,
				11BF90532F90A23D006C88CE /* RevenueCat in Frameworks */,
				11BF90522F90A23D006C88CE /* Kingfisher in Frameworks */,
				11BF90512F90A23D006C88CE /* Supabase in Frameworks */,
			);
			runOnlyForDeploymentPostprocessing = 0;
		};
		11EE681E2F907142007C6CAC /* Frameworks */ = {
			isa = PBXFrameworksBuildPhase;
			buildActionMask = 2147483647;
			files = (
			);
			runOnlyForDeploymentPostprocessing = 0;
		};
		11EE68282F907142007C6CAC /* Frameworks */ = {
			isa = PBXFrameworksBuildPhase;
			buildActionMask = 2147483647;
			files = (
			);
			runOnlyForDeploymentPostprocessing = 0;
		};
/* End PBXFrameworksBuildPhase section */

/* Begin PBXGroup section */
		11BF90562F90A23D006C88CE /* Recovered References */ = {
			isa = PBXGroup;
			children = (
				11AA00012F907200007C6CAC /* Debug.xcconfig */,
				11AA00022F907200007C6CAC /* Release.xcconfig */,
			);
			name = "Recovered References";
			sourceTree = "<group>";
		};
		11EE680B2F907141007C6CAC = {
			isa = PBXGroup;
			children = (
				11EE68162F907141007C6CAC /* HerbLens */,
				11EE68242F907142007C6CAC /* HerbLensTests */,
				11EE682E2F907142007C6CAC /* HerbLensUITests */,
				11EE68152F907141007C6CAC /* Products */,
				11BF90562F90A23D006C88CE /* Recovered References */,
			);
			sourceTree = "<group>";
		};
		11EE68152F907141007C6CAC /* Products */ = {
			isa = PBXGroup;
			children = (
				11EE68142F907141007C6CAC /* HerbLens.app */,
				11EE68212F907142007C6CAC /* HerbLensTests.xctest */,
				11EE682B2F907142007C6CAC /* HerbLensUITests.xctest */,
			);
			name = Products;
			sourceTree = "<group>";
		};
/* End PBXGroup section */

/* Begin PBXNativeTarget section */
		11EE68132F907141007C6CAC /* HerbLens */ = {
			isa = PBXNativeTarget;
			buildConfigurationList = 11EE68352F907142007C6CAC /* Build configuration list for PBXNativeTarget "HerbLens" */;
			buildPhases = (
				11EE68102F907141007C6CAC /* Sources */,
				11EE68112F907141007C6CAC /* Frameworks */,
				11EE68122F907141007C6CAC /* Resources */,
			);
			buildRules = (
			);
			dependencies = (
			);
			fileSystemSynchronizedGroups = (
				11EE68162F907141007C6CAC /* HerbLens */,
			);
			name = HerbLens;
			packageProductDependencies = (
				11CC00012F907400007C6CAC /* Supabase */,
				11CC00022F907400007C6CAC /* Kingfisher */,
				11CC00032F907400007C6CAC /* RevenueCat */,
				11CC00042F907400007C6CAC /* PostHog */,
				11CC00052F907400007C6CAC /* Sentry */,
			);
			productName = HerbLens;
			productReference = 11EE68142F907141007C6CAC /* HerbLens.app */;
			productType = "com.apple.product-type.application";
		};
		11EE68202F907142007C6CAC /* HerbLensTests */ = {
			isa = PBXNativeTarget;
			buildConfigurationList = 11EE68382F907142007C6CAC /* Build configuration list for PBXNativeTarget "HerbLensTests" */;
			buildPhases = (
				11EE681D2F907142007C6CAC /* Sources */,
				11EE681E2F907142007C6CAC /* Frameworks */,
				11EE681F2F907142007C6CAC /* Resources */,
			);
			buildRules = (
			);
			dependencies = (
				11EE68232F907142007C6CAC /* PBXTargetDependency */,
			);
			fileSystemSynchronizedGroups = (
				11EE68242F907142007C6CAC /* HerbLensTests */,
			);
			name = HerbLensTests;
			packageProductDependencies = (
			);
			productName = HerbLensTests;
			productReference = 11EE68212F907142007C6CAC /* HerbLensTests.xctest */;
			productType = "com.apple.product-type.bundle.unit-test";
		};
		11EE682A2F907142007C6CAC /* HerbLensUITests */ = {
			isa = PBXNativeTarget;
			buildConfigurationList = 11EE683B2F907142007C6CAC /* Build configuration list for PBXNativeTarget "HerbLensUITests" */;
			buildPhases = (
				11EE68272F907142007C6CAC /* Sources */,
				11EE68282F907142007C6CAC /* Frameworks */,
				11EE68292F907142007C6CAC /* Resources */,
			);
			buildRules = (
			);
			dependencies = (
				11EE682D2F907142007C6CAC /* PBXTargetDependency */,
			);
			fileSystemSynchronizedGroups = (
				11EE682E2F907142007C6CAC /* HerbLensUITests */,
			);
			name = HerbLensUITests;
			packageProductDependencies = (
			);
			productName = HerbLensUITests;
			productReference = 11EE682B2F907142007C6CAC /* HerbLensUITests.xctest */;
			productType = "com.apple.product-type.bundle.ui-testing";
		};
/* End PBXNativeTarget section */

/* Begin PBXProject section */
		11EE680C2F907141007C6CAC /* Project object */ = {
			isa = PBXProject;
			attributes = {
				BuildIndependentTargetsInParallel = 1;
				LastSwiftUpdateCheck = 2620;
				LastUpgradeCheck = 2620;
				TargetAttributes = {
					11EE68132F907141007C6CAC = {
						CreatedOnToolsVersion = 26.2;
					};
					11EE68202F907142007C6CAC = {
						CreatedOnToolsVersion = 26.2;
						TestTargetID = 11EE68132F907141007C6CAC;
					};
					11EE682A2F907142007C6CAC = {
						CreatedOnToolsVersion = 26.2;
						TestTargetID = 11EE68132F907141007C6CAC;
					};
				};
			};
			buildConfigurationList = 11EE680F2F907141007C6CAC /* Build configuration list for PBXProject "HerbLens" */;
			developmentRegion = en;
			hasScannedForEncodings = 0;
			knownRegions = (
				en,
				Base,
			);
			mainGroup = 11EE680B2F907141007C6CAC;
			minimizedProjectReferenceProxies = 1;
			packageReferences = (
				11BB00012F907300007C6CAC /* XCRemoteSwiftPackageReference "supabase-swift" */,
				11BB00022F907300007C6CAC /* XCRemoteSwiftPackageReference "Kingfisher" */,
				11BB00032F907300007C6CAC /* XCRemoteSwiftPackageReference "purchases-ios" */,
				11BB00042F907300007C6CAC /* XCRemoteSwiftPackageReference "posthog-ios" */,
				11BB00052F907300007C6CAC /* XCRemoteSwiftPackageReference "sentry-cocoa" */,
			);
			preferredProjectObjectVersion = 77;
			productRefGroup = 11EE68152F907141007C6CAC /* Products */;
			projectDirPath = "";
			projectRoot = "";
			targets = (
				11EE68132F907141007C6CAC /* HerbLens */,
				11EE68202F907142007C6CAC /* HerbLensTests */,
				11EE682A2F907142007C6CAC /* HerbLensUITests */,
			);
		};
/* End PBXProject section */

/* Begin PBXResourcesBuildPhase section */
		11EE68122F907141007C6CAC /* Resources */ = {
			isa = PBXResourcesBuildPhase;
			buildActionMask = 2147483647;
			files = (
			);
			runOnlyForDeploymentPostprocessing = 0;
		};
		11EE681F2F907142007C6CAC /* Resources */ = {
			isa = PBXResourcesBuildPhase;
			buildActionMask = 2147483647;
			files = (
			);
			runOnlyForDeploymentPostprocessing = 0;
		};
		11EE68292F907142007C6CAC /* Resources */ = {
			isa = PBXResourcesBuildPhase;
			buildActionMask = 2147483647;
			files = (
			);
			runOnlyForDeploymentPostprocessing = 0;
		};
/* End PBXResourcesBuildPhase section */

/* Begin PBXSourcesBuildPhase section */
		11EE68102F907141007C6CAC /* Sources */ = {
			isa = PBXSourcesBuildPhase;
			buildActionMask = 2147483647;
			files = (
			);
			runOnlyForDeploymentPostprocessing = 0;
		};
		11EE681D2F907142007C6CAC /* Sources */ = {
			isa = PBXSourcesBuildPhase;
			buildActionMask = 2147483647;
			files = (
			);
			runOnlyForDeploymentPostprocessing = 0;
		};
		11EE68272F907142007C6CAC /* Sources */ = {
			isa = PBXSourcesBuildPhase;
			buildActionMask = 2147483647;
			files = (
			);
			runOnlyForDeploymentPostprocessing = 0;
		};
/* End PBXSourcesBuildPhase section */

/* Begin PBXTargetDependency section */
		11EE68232F907142007C6CAC /* PBXTargetDependency */ = {
			isa = PBXTargetDependency;
			target = 11EE68132F907141007C6CAC /* HerbLens */;
			targetProxy = 11EE68222F907142007C6CAC /* PBXContainerItemProxy */;
		};
		11EE682D2F907142007C6CAC /* PBXTargetDependency */ = {
			isa = PBXTargetDependency;
			target = 11EE68132F907141007C6CAC /* HerbLens */;
			targetProxy = 11EE682C2F907142007C6CAC /* PBXContainerItemProxy */;
		};
/* End PBXTargetDependency section */

/* Begin XCBuildConfiguration section */
		11EE68332F907142007C6CAC /* Debug */ = {
			isa = XCBuildConfiguration;
			buildSettings = {
				ALWAYS_SEARCH_USER_PATHS = NO;
				ASSETCATALOG_COMPILER_GENERATE_SWIFT_ASSET_SYMBOL_EXTENSIONS = YES;
				CLANG_ANALYZER_NONNULL = YES;
				CLANG_ANALYZER_NUMBER_OBJECT_CONVERSION = YES_AGGRESSIVE;
				CLANG_CXX_LANGUAGE_STANDARD = "gnu++20";
				CLANG_ENABLE_MODULES = YES;
				CLANG_ENABLE_OBJC_ARC = YES;
				CLANG_ENABLE_OBJC_WEAK = YES;
				CLANG_WARN_BLOCK_CAPTURE_AUTORELEASING = YES;
				CLANG_WARN_BOOL_CONVERSION = YES;
				CLANG_WARN_COMMA = YES;
				CLANG_WARN_CONSTANT_CONVERSION = YES;
				CLANG_WARN_DEPRECATED_OBJC_IMPLEMENTATIONS = YES;
				CLANG_WARN_DIRECT_OBJC_ISA_USAGE = YES_ERROR;
				CLANG_WARN_DOCUMENTATION_COMMENTS = YES;
				CLANG_WARN_EMPTY_BODY = YES;
				CLANG_WARN_ENUM_CONVERSION = YES;
				CLANG_WARN_INFINITE_RECURSION = YES;
				CLANG_WARN_INT_CONVERSION = YES;
				CLANG_WARN_NON_LITERAL_NULL_CONVERSION = YES;
				CLANG_WARN_OBJC_IMPLICIT_RETAIN_SELF = YES;
				CLANG_WARN_OBJC_LITERAL_CONVERSION = YES;
				CLANG_WARN_OBJC_ROOT_CLASS = YES_ERROR;
				CLANG_WARN_QUOTED_INCLUDE_IN_FRAMEWORK_HEADER = YES;
				CLANG_WARN_RANGE_LOOP_ANALYSIS = YES;
				CLANG_WARN_STRICT_PROTOTYPES = YES;
				CLANG_WARN_SUSPICIOUS_MOVE = YES;
				CLANG_WARN_UNGUARDED_AVAILABILITY = YES_AGGRESSIVE;
				CLANG_WARN_UNREACHABLE_CODE = YES;
				CLANG_WARN__DUPLICATE_METHOD_MATCH = YES;
				COPY_PHASE_STRIP = NO;
				DEBUG_INFORMATION_FORMAT = dwarf;
				DEVELOPMENT_TEAM = 49YQ78W65S;
				ENABLE_STRICT_OBJC_MSGSEND = YES;
				ENABLE_TESTABILITY = YES;
				ENABLE_USER_SCRIPT_SANDBOXING = YES;
				GCC_C_LANGUAGE_STANDARD = gnu17;
				GCC_DYNAMIC_NO_PIC = NO;
				GCC_NO_COMMON_BLOCKS = YES;
				GCC_OPTIMIZATION_LEVEL = 0;
				GCC_PREPROCESSOR_DEFINITIONS = (
					"DEBUG=1",
					"$(inherited)",
				);
				GCC_WARN_64_TO_32_BIT_CONVERSION = YES;
				GCC_WARN_ABOUT_RETURN_TYPE = YES_ERROR;
				GCC_WARN_UNDECLARED_SELECTOR = YES;
				GCC_WARN_UNINITIALIZED_AUTOS = YES_AGGRESSIVE;
				GCC_WARN_UNUSED_FUNCTION = YES;
				GCC_WARN_UNUSED_VARIABLE = YES;
				IPHONEOS_DEPLOYMENT_TARGET = 26.2;
				LOCALIZATION_PREFERS_STRING_CATALOGS = YES;
				MTL_ENABLE_DEBUG_INFO = INCLUDE_SOURCE;
				MTL_FAST_MATH = YES;
				ONLY_ACTIVE_ARCH = YES;
				SDKROOT = iphoneos;
				SWIFT_ACTIVE_COMPILATION_CONDITIONS = "DEBUG $(inherited)";
				SWIFT_OPTIMIZATION_LEVEL = "-Onone";
			};
			name = Debug;
		};
		11EE68342F907142007C6CAC /* Release */ = {
			isa = XCBuildConfiguration;
			buildSettings = {
				ALWAYS_SEARCH_USER_PATHS = NO;
				ASSETCATALOG_COMPILER_GENERATE_SWIFT_ASSET_SYMBOL_EXTENSIONS = YES;
				CLANG_ANALYZER_NONNULL = YES;
				CLANG_ANALYZER_NUMBER_OBJECT_CONVERSION = YES_AGGRESSIVE;
				CLANG_CXX_LANGUAGE_STANDARD = "gnu++20";
				CLANG_ENABLE_MODULES = YES;
				CLANG_ENABLE_OBJC_ARC = YES;
				CLANG_ENABLE_OBJC_WEAK = YES;
				CLANG_WARN_BLOCK_CAPTURE_AUTORELEASING = YES;
				CLANG_WARN_BOOL_CONVERSION = YES;
				CLANG_WARN_COMMA = YES;
				CLANG_WARN_CONSTANT_CONVERSION = YES;
				CLANG_WARN_DEPRECATED_OBJC_IMPLEMENTATIONS = YES;
				CLANG_WARN_DIRECT_OBJC_ISA_USAGE = YES_ERROR;
				CLANG_WARN_DOCUMENTATION_COMMENTS = YES;
				CLANG_WARN_EMPTY_BODY = YES;
				CLANG_WARN_ENUM_CONVERSION = YES;
				CLANG_WARN_INFINITE_RECURSION = YES;
				CLANG_WARN_INT_CONVERSION = YES;
				CLANG_WARN_NON_LITERAL_NULL_CONVERSION = YES;
				CLANG_WARN_OBJC_IMPLICIT_RETAIN_SELF = YES;
				CLANG_WARN_OBJC_LITERAL_CONVERSION = YES;
				CLANG_WARN_OBJC_ROOT_CLASS = YES_ERROR;
				CLANG_WARN_QUOTED_INCLUDE_IN_FRAMEWORK_HEADER = YES;
				CLANG_WARN_RANGE_LOOP_ANALYSIS = YES;
				CLANG_WARN_STRICT_PROTOTYPES = YES;
				CLANG_WARN_SUSPICIOUS_MOVE = YES;
				CLANG_WARN_UNGUARDED_AVAILABILITY = YES_AGGRESSIVE;
				CLANG_WARN_UNREACHABLE_CODE = YES;
				CLANG_WARN__DUPLICATE_METHOD_MATCH = YES;
				COPY_PHASE_STRIP = NO;
				DEBUG_INFORMATION_FORMAT = "dwarf-with-dsym";
				DEVELOPMENT_TEAM = 49YQ78W65S;
				ENABLE_NS_ASSERTIONS = NO;
				ENABLE_STRICT_OBJC_MSGSEND = YES;
				ENABLE_USER_SCRIPT_SANDBOXING = YES;
				GCC_C_LANGUAGE_STANDARD = gnu17;
				GCC_NO_COMMON_BLOCKS = YES;
				GCC_WARN_64_TO_32_BIT_CONVERSION = YES;
				GCC_WARN_ABOUT_RETURN_TYPE = YES_ERROR;
				GCC_WARN_UNDECLARED_SELECTOR = YES;
				GCC_WARN_UNINITIALIZED_AUTOS = YES_AGGRESSIVE;
				GCC_WARN_UNUSED_FUNCTION = YES;
				GCC_WARN_UNUSED_VARIABLE = YES;
				IPHONEOS_DEPLOYMENT_TARGET = 26.2;
				LOCALIZATION_PREFERS_STRING_CATALOGS = YES;
				MTL_ENABLE_DEBUG_INFO = NO;
				MTL_FAST_MATH = YES;
				SDKROOT = iphoneos;
				SWIFT_COMPILATION_MODE = wholemodule;
				VALIDATE_PRODUCT = YES;
			};
			name = Release;
		};
		11EE68362F907142007C6CAC /* Debug */ = {
			isa = XCBuildConfiguration;
			baseConfigurationReference = 11AA00012F907200007C6CAC /* Debug.xcconfig */;
			buildSettings = {
				ASSETCATALOG_COMPILER_APPICON_NAME = AppIcon;
				ASSETCATALOG_COMPILER_GLOBAL_ACCENT_COLOR_NAME = AccentColor;
				CODE_SIGN_STYLE = Automatic;
				CURRENT_PROJECT_VERSION = 1;
				DEVELOPMENT_TEAM = 49YQ78W65S;
				ENABLE_PREVIEWS = YES;
				EXCLUDED_SOURCE_FILE_NAMES = .gitkeep;
				GENERATE_INFOPLIST_FILE = YES;
				INFOPLIST_KEY_POSTHOG_API_KEY = "$(POSTHOG_API_KEY)";
				INFOPLIST_KEY_POSTHOG_HOST = "$(POSTHOG_HOST)";
				INFOPLIST_KEY_REVENUECAT_API_KEY = "$(REVENUECAT_API_KEY)";
				INFOPLIST_KEY_SENTRY_DSN = "$(SENTRY_DSN)";
				INFOPLIST_KEY_SUPABASE_ANON_KEY = "$(SUPABASE_ANON_KEY)";
				INFOPLIST_KEY_SUPABASE_URL = "$(SUPABASE_URL)";
				INFOPLIST_KEY_UIApplicationSceneManifest_Generation = YES;
				INFOPLIST_KEY_UIApplicationSupportsIndirectInputEvents = YES;
				INFOPLIST_KEY_UILaunchScreen_Generation = YES;
				INFOPLIST_KEY_NSCameraUsageDescription = "HerbLens uses the camera to identify plants in photos you take.";
				INFOPLIST_KEY_NSPhotoLibraryUsageDescription = "HerbLens uses your photo library to identify plants in your saved photos.";
				INFOPLIST_KEY_UISupportedInterfaceOrientations_iPad = "UIInterfaceOrientationPortrait UIInterfaceOrientationPortraitUpsideDown UIInterfaceOrientationLandscapeLeft UIInterfaceOrientationLandscapeRight";
				INFOPLIST_KEY_UISupportedInterfaceOrientations_iPhone = "UIInterfaceOrientationPortrait UIInterfaceOrientationLandscapeLeft UIInterfaceOrientationLandscapeRight";
				LD_RUNPATH_SEARCH_PATHS = (
					"$(inherited)",
					"@executable_path/Frameworks",
				);
				MARKETING_VERSION = 1.0;
				PRODUCT_BUNDLE_IDENTIFIER = com.HerbLens;
				PRODUCT_NAME = "$(TARGET_NAME)";
				STRING_CATALOG_GENERATE_SYMBOLS = YES;
				SWIFT_APPROACHABLE_CONCURRENCY = YES;
				SWIFT_DEFAULT_ACTOR_ISOLATION = MainActor;
				SWIFT_EMIT_LOC_STRINGS = YES;
				SWIFT_UPCOMING_FEATURE_MEMBER_IMPORT_VISIBILITY = YES;
				SWIFT_VERSION = 6.3;
				TARGETED_DEVICE_FAMILY = "1,2";
			};
			name = Debug;
		};
		11EE68372F907142007C6CAC /* Release */ = {
			isa = XCBuildConfiguration;
			baseConfigurationReference = 11AA00022F907200007C6CAC /* Release.xcconfig */;
			buildSettings = {
				ASSETCATALOG_COMPILER_APPICON_NAME = AppIcon;
				ASSETCATALOG_COMPILER_GLOBAL_ACCENT_COLOR_NAME = AccentColor;
				CODE_SIGN_STYLE = Automatic;
				CURRENT_PROJECT_VERSION = 1;
				DEVELOPMENT_TEAM = 49YQ78W65S;
				ENABLE_PREVIEWS = YES;
				EXCLUDED_SOURCE_FILE_NAMES = .gitkeep;
				GENERATE_INFOPLIST_FILE = YES;
				INFOPLIST_KEY_POSTHOG_API_KEY = "$(POSTHOG_API_KEY)";
				INFOPLIST_KEY_POSTHOG_HOST = "$(POSTHOG_HOST)";
				INFOPLIST_KEY_REVENUECAT_API_KEY = "$(REVENUECAT_API_KEY)";
				INFOPLIST_KEY_SENTRY_DSN = "$(SENTRY_DSN)";
				INFOPLIST_KEY_SUPABASE_ANON_KEY = "$(SUPABASE_ANON_KEY)";
				INFOPLIST_KEY_SUPABASE_URL = "$(SUPABASE_URL)";
				INFOPLIST_KEY_UIApplicationSceneManifest_Generation = YES;
				INFOPLIST_KEY_UIApplicationSupportsIndirectInputEvents = YES;
				INFOPLIST_KEY_UILaunchScreen_Generation = YES;
				INFOPLIST_KEY_NSCameraUsageDescription = "HerbLens uses the camera to identify plants in photos you take.";
				INFOPLIST_KEY_NSPhotoLibraryUsageDescription = "HerbLens uses your photo library to identify plants in your saved photos.";
				INFOPLIST_KEY_UISupportedInterfaceOrientations_iPad = "UIInterfaceOrientationPortrait UIInterfaceOrientationPortraitUpsideDown UIInterfaceOrientationLandscapeLeft UIInterfaceOrientationLandscapeRight";
				INFOPLIST_KEY_UISupportedInterfaceOrientations_iPhone = "UIInterfaceOrientationPortrait UIInterfaceOrientationLandscapeLeft UIInterfaceOrientationLandscapeRight";
				LD_RUNPATH_SEARCH_PATHS = (
					"$(inherited)",
					"@executable_path/Frameworks",
				);
				MARKETING_VERSION = 1.0;
				PRODUCT_BUNDLE_IDENTIFIER = com.HerbLens;
				PRODUCT_NAME = "$(TARGET_NAME)";
				STRING_CATALOG_GENERATE_SYMBOLS = YES;
				SWIFT_APPROACHABLE_CONCURRENCY = YES;
				SWIFT_DEFAULT_ACTOR_ISOLATION = MainActor;
				SWIFT_EMIT_LOC_STRINGS = YES;
				SWIFT_UPCOMING_FEATURE_MEMBER_IMPORT_VISIBILITY = YES;
				SWIFT_VERSION = 6.3;
				TARGETED_DEVICE_FAMILY = "1,2";
			};
			name = Release;
		};
		11EE68392F907142007C6CAC /* Debug */ = {
			isa = XCBuildConfiguration;
			buildSettings = {
				BUNDLE_LOADER = "$(TEST_HOST)";
				CODE_SIGN_STYLE = Automatic;
				CURRENT_PROJECT_VERSION = 1;
				DEVELOPMENT_TEAM = 49YQ78W65S;
				GENERATE_INFOPLIST_FILE = YES;
				IPHONEOS_DEPLOYMENT_TARGET = 26.2;
				MARKETING_VERSION = 1.0;
				PRODUCT_BUNDLE_IDENTIFIER = com.HerbLensTests;
				PRODUCT_NAME = "$(TARGET_NAME)";
				STRING_CATALOG_GENERATE_SYMBOLS = NO;
				SWIFT_APPROACHABLE_CONCURRENCY = YES;
				SWIFT_EMIT_LOC_STRINGS = NO;
				SWIFT_UPCOMING_FEATURE_MEMBER_IMPORT_VISIBILITY = YES;
				SWIFT_VERSION = 6.3;
				TARGETED_DEVICE_FAMILY = "1,2";
				TEST_HOST = "$(BUILT_PRODUCTS_DIR)/HerbLens.app/$(BUNDLE_EXECUTABLE_FOLDER_PATH)/HerbLens";
			};
			name = Debug;
		};
		11EE683A2F907142007C6CAC /* Release */ = {
			isa = XCBuildConfiguration;
			buildSettings = {
				BUNDLE_LOADER = "$(TEST_HOST)";
				CODE_SIGN_STYLE = Automatic;
				CURRENT_PROJECT_VERSION = 1;
				DEVELOPMENT_TEAM = 49YQ78W65S;
				GENERATE_INFOPLIST_FILE = YES;
				IPHONEOS_DEPLOYMENT_TARGET = 26.2;
				MARKETING_VERSION = 1.0;
				PRODUCT_BUNDLE_IDENTIFIER = com.HerbLensTests;
				PRODUCT_NAME = "$(TARGET_NAME)";
				STRING_CATALOG_GENERATE_SYMBOLS = NO;
				SWIFT_APPROACHABLE_CONCURRENCY = YES;
				SWIFT_EMIT_LOC_STRINGS = NO;
				SWIFT_UPCOMING_FEATURE_MEMBER_IMPORT_VISIBILITY = YES;
				SWIFT_VERSION = 6.3;
				TARGETED_DEVICE_FAMILY = "1,2";
				TEST_HOST = "$(BUILT_PRODUCTS_DIR)/HerbLens.app/$(BUNDLE_EXECUTABLE_FOLDER_PATH)/HerbLens";
			};
			name = Release;
		};
		11EE683C2F907142007C6CAC /* Debug */ = {
			isa = XCBuildConfiguration;
			buildSettings = {
				CODE_SIGN_STYLE = Automatic;
				CURRENT_PROJECT_VERSION = 1;
				DEVELOPMENT_TEAM = 49YQ78W65S;
				GENERATE_INFOPLIST_FILE = YES;
				MARKETING_VERSION = 1.0;
				PRODUCT_BUNDLE_IDENTIFIER = com.HerbLensUITests;
				PRODUCT_NAME = "$(TARGET_NAME)";
				STRING_CATALOG_GENERATE_SYMBOLS = NO;
				SWIFT_APPROACHABLE_CONCURRENCY = YES;
				SWIFT_EMIT_LOC_STRINGS = NO;
				SWIFT_UPCOMING_FEATURE_MEMBER_IMPORT_VISIBILITY = YES;
				SWIFT_VERSION = 6.3;
				TARGETED_DEVICE_FAMILY = "1,2";
				TEST_TARGET_NAME = HerbLens;
			};
			name = Debug;
		};
		11EE683D2F907142007C6CAC /* Release */ = {
			isa = XCBuildConfiguration;
			buildSettings = {
				CODE_SIGN_STYLE = Automatic;
				CURRENT_PROJECT_VERSION = 1;
				DEVELOPMENT_TEAM = 49YQ78W65S;
				GENERATE_INFOPLIST_FILE = YES;
				MARKETING_VERSION = 1.0;
				PRODUCT_BUNDLE_IDENTIFIER = com.HerbLensUITests;
				PRODUCT_NAME = "$(TARGET_NAME)";
				STRING_CATALOG_GENERATE_SYMBOLS = NO;
				SWIFT_APPROACHABLE_CONCURRENCY = YES;
				SWIFT_EMIT_LOC_STRINGS = NO;
				SWIFT_UPCOMING_FEATURE_MEMBER_IMPORT_VISIBILITY = YES;
				SWIFT_VERSION = 6.3;
				TARGETED_DEVICE_FAMILY = "1,2";
				TEST_TARGET_NAME = HerbLens;
			};
			name = Release;
		};
/* End XCBuildConfiguration section */

/* Begin XCConfigurationList section */
		11EE680F2F907141007C6CAC /* Build configuration list for PBXProject "HerbLens" */ = {
			isa = XCConfigurationList;
			buildConfigurations = (
				11EE68332F907142007C6CAC /* Debug */,
				11EE68342F907142007C6CAC /* Release */,
			);
			defaultConfigurationIsVisible = 0;
			defaultConfigurationName = Release;
		};
		11EE68352F907142007C6CAC /* Build configuration list for PBXNativeTarget "HerbLens" */ = {
			isa = XCConfigurationList;
			buildConfigurations = (
				11EE68362F907142007C6CAC /* Debug */,
				11EE68372F907142007C6CAC /* Release */,
			);
			defaultConfigurationIsVisible = 0;
			defaultConfigurationName = Release;
		};
		11EE68382F907142007C6CAC /* Build configuration list for PBXNativeTarget "HerbLensTests" */ = {
			isa = XCConfigurationList;
			buildConfigurations = (
				11EE68392F907142007C6CAC /* Debug */,
				11EE683A2F907142007C6CAC /* Release */,
			);
			defaultConfigurationIsVisible = 0;
			defaultConfigurationName = Release;
		};
		11EE683B2F907142007C6CAC /* Build configuration list for PBXNativeTarget "HerbLensUITests" */ = {
			isa = XCConfigurationList;
			buildConfigurations = (
				11EE683C2F907142007C6CAC /* Debug */,
				11EE683D2F907142007C6CAC /* Release */,
			);
			defaultConfigurationIsVisible = 0;
			defaultConfigurationName = Release;
		};
/* End XCConfigurationList section */

/* Begin XCRemoteSwiftPackageReference section */
		11BB00012F907300007C6CAC /* XCRemoteSwiftPackageReference "supabase-swift" */ = {
			isa = XCRemoteSwiftPackageReference;
			repositoryURL = "https://github.com/supabase/supabase-swift.git";
			requirement = {
				kind = upToNextMajorVersion;
				minimumVersion = 2.43.1;
			};
		};
		11BB00022F907300007C6CAC /* XCRemoteSwiftPackageReference "Kingfisher" */ = {
			isa = XCRemoteSwiftPackageReference;
			repositoryURL = "https://github.com/onevcat/Kingfisher.git";
			requirement = {
				kind = upToNextMajorVersion;
				minimumVersion = 8.0.0;
			};
		};
		11BB00032F907300007C6CAC /* XCRemoteSwiftPackageReference "purchases-ios" */ = {
			isa = XCRemoteSwiftPackageReference;
			repositoryURL = "https://github.com/RevenueCat/purchases-ios.git";
			requirement = {
				kind = upToNextMajorVersion;
				minimumVersion = 5.0.0;
			};
		};
		11BB00042F907300007C6CAC /* XCRemoteSwiftPackageReference "posthog-ios" */ = {
			isa = XCRemoteSwiftPackageReference;
			repositoryURL = "https://github.com/PostHog/posthog-ios.git";
			requirement = {
				kind = upToNextMajorVersion;
				minimumVersion = 3.0.0;
			};
		};
		11BB00052F907300007C6CAC /* XCRemoteSwiftPackageReference "sentry-cocoa" */ = {
			isa = XCRemoteSwiftPackageReference;
			repositoryURL = "https://github.com/getsentry/sentry-cocoa.git";
			requirement = {
				kind = upToNextMajorVersion;
				minimumVersion = 8.0.0;
			};
		};
/* End XCRemoteSwiftPackageReference section */

/* Begin XCSwiftPackageProductDependency section */
		11CC00012F907400007C6CAC /* Supabase */ = {
			isa = XCSwiftPackageProductDependency;
			package = 11BB00012F907300007C6CAC /* XCRemoteSwiftPackageReference "supabase-swift" */;
			productName = Supabase;
		};
		11CC00022F907400007C6CAC /* Kingfisher */ = {
			isa = XCSwiftPackageProductDependency;
			package = 11BB00022F907300007C6CAC /* XCRemoteSwiftPackageReference "Kingfisher" */;
			productName = Kingfisher;
		};
		11CC00032F907400007C6CAC /* RevenueCat */ = {
			isa = XCSwiftPackageProductDependency;
			package = 11BB00032F907300007C6CAC /* XCRemoteSwiftPackageReference "purchases-ios" */;
			productName = RevenueCat;
		};
		11CC00042F907400007C6CAC /* PostHog */ = {
			isa = XCSwiftPackageProductDependency;
			package = 11BB00042F907300007C6CAC /* XCRemoteSwiftPackageReference "posthog-ios" */;
			productName = PostHog;
		};
		11CC00052F907400007C6CAC /* Sentry */ = {
			isa = XCSwiftPackageProductDependency;
			package = 11BB00052F907300007C6CAC /* XCRemoteSwiftPackageReference "sentry-cocoa" */;
			productName = Sentry;
		};
/* End XCSwiftPackageProductDependency section */
	};
	rootObject = 11EE680C2F907141007C6CAC /* Project object */;
}
